
Microsoft Visual Studio Solution File, Format Version 12.00
# Visual Studio Version 17
Project("{8BC9CEB8-8B4A-11D0-8D11-00A0C91BC942}") = "ALL_BUILD", "ALL_BUILD.vcxproj", "{092078B2-6196-3648-9B15-EF214604E709}"
	ProjectSection(ProjectDependencies) = postProject
		{4041119E-8C6A-3D9D-A85E-4FACB9EE809A} = {4041119E-8C6A-3D9D-A85E-4FACB9EE809A}
		{E91B92FC-216D-3649-BAF7-97D33D3371D1} = {E91B92FC-216D-3649-BAF7-97D33D3371D1}
		{E6CC0D71-CD45-36FA-82C2-500ABA136C4E} = {E6CC0D71-CD45-36FA-82C2-500ABA136C4E}
		{E5917549-2B68-345F-80BE-85AE6E88772A} = {E5917549-2B68-345F-80BE-85AE6E88772A}
		{98BAACBB-D455-35D9-8449-BC7BF35CC1E2} = {98BAACBB-D455-35D9-8449-BC7BF35CC1E2}
		{A15EF324-0B02-37B0-A049-76E5FC37D590} = {A15EF324-0B02-37B0-A049-76E5FC37D590}
		{C8C4A2F9-5152-3909-A9F8-8512D2B271FA} = {C8C4A2F9-5152-3909-A9F8-8512D2B271FA}
		{674DA1C3-FA35-3EA3-804D-F50C81C7BC78} = {674DA1C3-FA35-3EA3-804D-F50C81C7BC78}
		{77FBA580-A6F1-39BE-AD69-5BAB6D52D6C8} = {77FBA580-A6F1-39BE-AD69-5BAB6D52D6C8}
	EndProjectSection
EndProject
Project("{8BC9CEB8-8B4A-11D0-8D11-00A0C91BC942}") = "RUN_TESTS", "RUN_TESTS.vcxproj", "{C987B1B2-C62B-3535-B9A8-7291C8D7914A}"
	ProjectSection(ProjectDependencies) = postProject
		{4041119E-8C6A-3D9D-A85E-4FACB9EE809A} = {4041119E-8C6A-3D9D-A85E-4FACB9EE809A}
	EndProjectSection
EndProject
Project("{8BC9CEB8-8B4A-11D0-8D11-00A0C91BC942}") = "ZERO_CHECK", "ZERO_CHECK.vcxproj", "{4041119E-8C6A-3D9D-A85E-4FACB9EE809A}"
	ProjectSection(ProjectDependencies) = postProject
	EndProjectSection
EndProject
Project("{8BC9CEB8-8B4A-11D0-8D11-00A0C91BC942}") = "aiWebSockets", "aiWebSockets.vcxproj", "{E91B92FC-216D-3649-BAF7-97D33D3371D1}"
	ProjectSection(ProjectDependencies) = postProject
		{4041119E-8C6A-3D9D-A85E-4FACB9EE809A} = {4041119E-8C6A-3D9D-A85E-4FACB9EE809A}
	EndProjectSection
EndProject
Project("{8BC9CEB8-8B4A-11D0-8D11-00A0C91BC942}") = "aiWebSocketsServer", "aiWebSocketsServer.vcxproj", "{E6CC0D71-CD45-36FA-82C2-500ABA136C4E}"
	ProjectSection(ProjectDependencies) = postProject
		{4041119E-8C6A-3D9D-A85E-4FACB9EE809A} = {4041119E-8C6A-3D9D-A85E-4FACB9EE809A}
		{E91B92FC-216D-3649-BAF7-97D33D3371D1} = {E91B92FC-216D-3649-BAF7-97D33D3371D1}
	EndProjectSection
EndProject
Project("{8BC9CEB8-8B4A-11D0-8D11-00A0C91BC942}") = "aiWebSocketsTests", "aiWebSocketsTests.vcxproj", "{E5917549-2B68-345F-80BE-85AE6E88772A}"
	ProjectSection(ProjectDependencies) = postProject
		{4041119E-8C6A-3D9D-A85E-4FACB9EE809A} = {4041119E-8C6A-3D9D-A85E-4FACB9EE809A}
		{E91B92FC-216D-3649-BAF7-97D33D3371D1} = {E91B92FC-216D-3649-BAF7-97D33D3371D1}
	EndProjectSection
EndProject
Project("{8BC9CEB8-8B4A-11D0-8D11-00A0C91BC942}") = "event_loop_test", "event_loop_test.vcxproj", "{98BAACBB-D455-35D9-8449-BC7BF35CC1E2}"
	ProjectSection(ProjectDependencies) = postProject
		{4041119E-8C6A-3D9D-A85E-4FACB9EE809A} = {4041119E-8C6A-3D9D-A85E-4FACB9EE809A}
		{E91B92FC-216D-3649-BAF7-97D33D3371D1} = {E91B92FC-216D-3649-BAF7-97D33D3371D1}
	EndProjectSection
EndProject
Project("{8BC9CEB8-8B4A-11D0-8D11-00A0C91BC942}") = "large_data_test", "large_data_test.vcxproj", "{A15EF324-0B02-37B0-A049-76E5FC37D590}"
	ProjectSection(ProjectDependencies) = postProject
		{4041119E-8C6A-3D9D-A85E-4FACB9EE809A} = {4041119E-8C6A-3D9D-A85E-4FACB9EE809A}
		{E91B92FC-216D-3649-BAF7-97D33D3371D1} = {E91B92FC-216D-3649-BAF7-97D33D3371D1}
	EndProjectSection
EndProject
Project("{8BC9CEB8-8B4A-11D0-8D11-00A0C91BC942}") = "performance_test", "performance_test.vcxproj", "{C8C4A2F9-5152-3909-A9F8-8512D2B271FA}"
	ProjectSection(ProjectDependencies) = postProject
		{4041119E-8C6A-3D9D-A85E-4FACB9EE809A} = {4041119E-8C6A-3D9D-A85E-4FACB9EE809A}
		{E91B92FC-216D-3649-BAF7-97D33D3371D1} = {E91B92FC-216D-3649-BAF7-97D33D3371D1}
	EndProjectSection
EndProject
Project("{8BC9CEB8-8B4A-11D0-8D11-00A0C91BC942}") = "server_to_client_test", "server_to_client_test.vcxproj", "{674DA1C3-FA35-3EA3-804D-F50C81C7BC78}"
	ProjectSection(ProjectDependencies) = postProject
		{4041119E-8C6A-3D9D-A85E-4FACB9EE809A} = {4041119E-8C6A-3D9D-A85E-4FACB9EE809A}
		{E91B92FC-216D-3649-BAF7-97D33D3371D1} = {E91B92FC-216D-3649-BAF7-97D33D3371D1}
	EndProjectSection
EndProject
Project("{8BC9CEB8-8B4A-11D0-8D11-00A0C91BC942}") = "socket_test", "socket_test.vcxproj", "{77FBA580-A6F1-39BE-AD69-5BAB6D52D6C8}"
	ProjectSection(ProjectDependencies) = postProject
		{4041119E-8C6A-3D9D-A85E-4FACB9EE809A} = {4041119E-8C6A-3D9D-A85E-4FACB9EE809A}
		{E91B92FC-216D-3649-BAF7-97D33D3371D1} = {E91B92FC-216D-3649-BAF7-97D33D3371D1}
	EndProjectSection
EndProject
Global
	GlobalSection(SolutionConfigurationPlatforms) = preSolution
		Debug|x64 = Debug|x64
		Release|x64 = Release|x64
		MinSizeRel|x64 = MinSizeRel|x64
		RelWithDebInfo|x64 = RelWithDebInfo|x64
	EndGlobalSection
	GlobalSection(ProjectConfigurationPlatforms) = postSolution
		{092078B2-6196-3648-9B15-EF214604E709}.Debug|x64.ActiveCfg = Debug|x64
		{092078B2-6196-3648-9B15-EF214604E709}.Release|x64.ActiveCfg = Release|x64
		{092078B2-6196-3648-9B15-EF214604E709}.MinSizeRel|x64.ActiveCfg = MinSizeRel|x64
		{092078B2-6196-3648-9B15-EF214604E709}.RelWithDebInfo|x64.ActiveCfg = RelWithDebInfo|x64
		{C987B1B2-C62B-3535-B9A8-7291C8D7914A}.Debug|x64.ActiveCfg = Debug|x64
		{C987B1B2-C62B-3535-B9A8-7291C8D7914A}.Release|x64.ActiveCfg = Release|x64
		{C987B1B2-C62B-3535-B9A8-7291C8D7914A}.MinSizeRel|x64.ActiveCfg = MinSizeRel|x64
		{C987B1B2-C62B-3535-B9A8-7291C8D7914A}.RelWithDebInfo|x64.ActiveCfg = RelWithDebInfo|x64
		{4041119E-8C6A-3D9D-A85E-4FACB9EE809A}.Debug|x64.ActiveCfg = Debug|x64
		{4041119E-8C6A-3D9D-A85E-4FACB9EE809A}.Debug|x64.Build.0 = Debug|x64
		{4041119E-8C6A-3D9D-A85E-4FACB9EE809A}.Release|x64.ActiveCfg = Release|x64
		{4041119E-8C6A-3D9D-A85E-4FACB9EE809A}.Release|x64.Build.0 = Release|x64
		{4041119E-8C6A-3D9D-A85E-4FACB9EE809A}.MinSizeRel|x64.ActiveCfg = MinSizeRel|x64
		{4041119E-8C6A-3D9D-A85E-4FACB9EE809A}.MinSizeRel|x64.Build.0 = MinSizeRel|x64
		{4041119E-8C6A-3D9D-A85E-4FACB9EE809A}.RelWithDebInfo|x64.ActiveCfg = RelWithDebInfo|x64
		{4041119E-8C6A-3D9D-A85E-4FACB9EE809A}.RelWithDebInfo|x64.Build.0 = RelWithDebInfo|x64
		{E91B92FC-216D-3649-BAF7-97D33D3371D1}.Debug|x64.ActiveCfg = Debug|x64
		{E91B92FC-216D-3649-BAF7-97D33D3371D1}.Debug|x64.Build.0 = Debug|x64
		{E91B92FC-216D-3649-BAF7-97D33D3371D1}.Release|x64.ActiveCfg = Release|x64
		{E91B92FC-216D-3649-BAF7-97D33D3371D1}.Release|x64.Build.0 = Release|x64
		{E91B92FC-216D-3649-BAF7-97D33D3371D1}.MinSizeRel|x64.ActiveCfg = MinSizeRel|x64
		{E91B92FC-216D-3649-BAF7-97D33D3371D1}.MinSizeRel|x64.Build.0 = MinSizeRel|x64
		{E91B92FC-216D-3649-BAF7-97D33D3371D1}.RelWithDebInfo|x64.ActiveCfg = RelWithDebInfo|x64
		{E91B92FC-216D-3649-BAF7-97D33D3371D1}.RelWithDebInfo|x64.Build.0 = RelWithDebInfo|x64
		{E6CC0D71-CD45-36FA-82C2-500ABA136C4E}.Debug|x64.ActiveCfg = Debug|x64
		{E6CC0D71-CD45-36FA-82C2-500ABA136C4E}.Debug|x64.Build.0 = Debug|x64
		{E6CC0D71-CD45-36FA-82C2-500ABA136C4E}.Release|x64.ActiveCfg = Release|x64
		{E6CC0D71-CD45-36FA-82C2-500ABA136C4E}.Release|x64.Build.0 = Release|x64
		{E6CC0D71-CD45-36FA-82C2-500ABA136C4E}.MinSizeRel|x64.ActiveCfg = MinSizeRel|x64
		{E6CC0D71-CD45-36FA-82C2-500ABA136C4E}.MinSizeRel|x64.Build.0 = MinSizeRel|x64
		{E6CC0D71-CD45-36FA-82C2-500ABA136C4E}.RelWithDebInfo|x64.ActiveCfg = RelWithDebInfo|x64
		{E6CC0D71-CD45-36FA-82C2-500ABA136C4E}.RelWithDebInfo|x64.Build.0 = RelWithDebInfo|x64
		{E5917549-2B68-345F-80BE-85AE6E88772A}.Debug|x64.ActiveCfg = Debug|x64
		{E5917549-2B68-345F-80BE-85AE6E88772A}.Debug|x64.Build.0 = Debug|x64
		{E5917549-2B68-345F-80BE-85AE6E88772A}.Release|x64.ActiveCfg = Release|x64
		{E5917549-2B68-345F-80BE-85AE6E88772A}.Release|x64.Build.0 = Release|x64
		{E5917549-2B68-345F-80BE-85AE6E88772A}.MinSizeRel|x64.ActiveCfg = MinSizeRel|x64
		{E5917549-2B68-345F-80BE-85AE6E88772A}.MinSizeRel|x64.Build.0 = MinSizeRel|x64
		{E5917549-2B68-345F-80BE-85AE6E88772A}.RelWithDebInfo|x64.ActiveCfg = RelWithDebInfo|x64
		{E5917549-2B68-345F-80BE-85AE6E88772A}.RelWithDebInfo|x64.Build.0 = RelWithDebInfo|x64
		{98BAACBB-D455-35D9-8449-BC7BF35CC1E2}.Debug|x64.ActiveCfg = Debug|x64
		{98BAACBB-D455-35D9-8449-BC7BF35CC1E2}.Debug|x64.Build.0 = Debug|x64
		{98BAACBB-D455-35D9-8449-BC7BF35CC1E2}.Release|x64.ActiveCfg = Release|x64
		{98BAACBB-D455-35D9-8449-BC7BF35CC1E2}.Release|x64.Build.0 = Release|x64
		{98BAACBB-D455-35D9-8449-BC7BF35CC1E2}.MinSizeRel|x64.ActiveCfg = MinSizeRel|x64
		{98BAACBB-D455-35D9-8449-BC7BF35CC1E2}.MinSizeRel|x64.Build.0 = MinSizeRel|x64
		{98BAACBB-D455-35D9-8449-BC7BF35CC1E2}.RelWithDebInfo|x64.ActiveCfg = RelWithDebInfo|x64
		{98BAACBB-D455-35D9-8449-BC7BF35CC1E2}.RelWithDebInfo|x64.Build.0 = RelWithDebInfo|x64
		{A15EF324-0B02-37B0-A049-76E5FC37D590}.Debug|x64.ActiveCfg = Debug|x64
		{A15EF324-0B02-37B0-A049-76E5FC37D590}.Debug|x64.Build.0 = Debug|x64
		{A15EF324-0B02-37B0-A049-76E5FC37D590}.Release|x64.ActiveCfg = Release|x64
		{A15EF324-0B02-37B0-A049-76E5FC37D590}.Release|x64.Build.0 = Release|x64
		{A15EF324-0B02-37B0-A049-76E5FC37D590}.MinSizeRel|x64.ActiveCfg = MinSizeRel|x64
		{A15EF324-0B02-37B0-A049-76E5FC37D590}.MinSizeRel|x64.Build.0 = MinSizeRel|x64
		{A15EF324-0B02-37B0-A049-76E5FC37D590}.RelWithDebInfo|x64.ActiveCfg = RelWithDebInfo|x64
		{A15EF324-0B02-37B0-A049-76E5FC37D590}.RelWithDebInfo|x64.Build.0 = RelWithDebInfo|x64
		{C8C4A2F9-5152-3909-A9F8-8512D2B271FA}.Debug|x64.ActiveCfg = Debug|x64
		{C8C4A2F9-5152-3909-A9F8-8512D2B271FA}.Debug|x64.Build.0 = Debug|x64
		{C8C4A2F9-5152-3909-A9F8-8512D2B271FA}.Release|x64.ActiveCfg = Release|x64
		{C8C4A2F9-5152-3909-A9F8-8512D2B271FA}.Release|x64.Build.0 = Release|x64
		{C8C4A2F9-5152-3909-A9F8-8512D2B271FA}.MinSizeRel|x64.ActiveCfg = MinSizeRel|x64
		{C8C4A2F9-5152-3909-A9F8-8512D2B271FA}.MinSizeRel|x64.Build.0 = MinSizeRel|x64
		{C8C4A2F9-5152-3909-A9F8-8512D2B271FA}.RelWithDebInfo|x64.ActiveCfg = RelWithDebInfo|x64
		{C8C4A2F9-5152-3909-A9F8-8512D2B271FA}.RelWithDebInfo|x64.Build.0 = RelWithDebInfo|x64
		{674DA1C3-FA35-3EA3-804D-F50C81C7BC78}.Debug|x64.ActiveCfg = Debug|x64
		{674DA1C3-FA35-3EA3-804D-F50C81C7BC78}.Debug|x64.Build.0 = Debug|x64
		{674DA1C3-FA35-3EA3-804D-F50C81C7BC78}.Release|x64.ActiveCfg = Release|x64
		{674DA1C3-FA35-3EA3-804D-F50C81C7BC78}.Release|x64.Build.0 = Release|x64
		{674DA1C3-FA35-3EA3-804D-F50C81C7BC78}.MinSizeRel|x64.ActiveCfg = MinSizeRel|x64
		{674DA1C3-FA35-3EA3-804D-F50C81C7BC78}.MinSizeRel|x64.Build.0 = MinSizeRel|x64
		{674DA1C3-FA35-3EA3-804D-F50C81C7BC78}.RelWithDebInfo|x64.ActiveCfg = RelWithDebInfo|x64
		{674DA1C3-FA35-3EA3-804D-F50C81C7BC78}.RelWithDebInfo|x64.Build.0 = RelWithDebInfo|x64
		{77FBA580-A6F1-39BE-AD69-5BAB6D52D6C8}.Debug|x64.ActiveCfg = Debug|x64
		{77FBA580-A6F1-39BE-AD69-5BAB6D52D6C8}.Debug|x64.Build.0 = Debug|x64
		{77FBA580-A6F1-39BE-AD69-5BAB6D52D6C8}.Release|x64.ActiveCfg = Release|x64
		{77FBA580-A6F1-39BE-AD69-5BAB6D52D6C8}.Release|x64.Build.0 = Release|x64
		{77FBA580-A6F1-39BE-AD69-5BAB6D52D6C8}.MinSizeRel|x64.ActiveCfg = MinSizeRel|x64
		{77FBA580-A6F1-39BE-AD69-5BAB6D52D6C8}.MinSizeRel|x64.Build.0 = MinSizeRel|x64
		{77FBA580-A6F1-39BE-AD69-5BAB6D52D6C8}.RelWithDebInfo|x64.ActiveCfg = RelWithDebInfo|x64
		{77FBA580-A6F1-39BE-AD69-5BAB6D52D6C8}.RelWithDebInfo|x64.Build.0 = RelWithDebInfo|x64
	EndGlobalSection
	GlobalSection(ExtensibilityGlobals) = postSolution
		SolutionGuid = {8407F09F-6A90-3189-97A0-C74B3556A91B}
	EndGlobalSection
	GlobalSection(ExtensibilityAddIns) = postSolution
	EndGlobalSection
EndGlobal
