<?xml version="1.0" encoding="utf-8"?>
<Project ToolsVersion="17.0" xmlns="http://schemas.microsoft.com/developer/msbuild/2003">
  <ItemGroup>
    <CustomBuild Include="C:\Users\cool\Desktop\aiWebSockets\build-debug-commands\CMakeFiles\d45575924e91d349643b80cbb48c80a9\generate.stamp.rule">
      <Filter>CMake Rules</Filter>
    </CustomBuild>
  </ItemGroup>
  <ItemGroup>
    <Filter Include="CMake Rules">
      <UniqueIdentifier>{C7C48071-BE4D-32AF-9234-6F1ECC97840D}</UniqueIdentifier>
    </Filter>
  </ItemGroup>
</Project>
