
Microsoft Visual Studio Solution File, Format Version 12.00
# Visual Studio Version 17
Project("{8BC9CEB8-8B4A-11D0-8D11-00A0C91BC942}") = "ALL_BUILD", "ALL_BUILD.vcxproj", "{94FA41BB-1A65-3901-A640-8C39F6B26293}"
	ProjectSection(ProjectDependencies) = postProject
		{64D87CD7-764A-3B1F-AF03-CBEBF3248487} = {64D87CD7-764A-3B1F-AF03-CBEBF3248487}
		{4F372BD1-DEF9-3446-B9B2-0A0EB7C3AC92} = {4F372BD1-DEF9-3446-B9B2-0A0EB7C3AC92}
		{A40BF7CA-9197-310A-9574-9EF407B3EB27} = {A40BF7CA-9197-310A-9574-9EF407B3EB27}
		{FA89A77A-425B-3244-A738-8B2B00B3CD07} = {FA89A77A-425B-3244-A738-8B2B00B3CD07}
		{0EF9943D-9D4B-3AB5-B39B-ACE2B6D91C8C} = {0EF9943D-9D4B-3AB5-B39B-ACE2B6D91C8C}
		{7B1F1317-7316-3C50-A3C8-46A3CA37CC32} = {7B1F1317-7316-3C50-A3C8-46A3CA37CC32}
		{3F1FC6A3-855B-3167-96FE-2FB941E2F8F1} = {3F1FC6A3-855B-3167-96FE-2FB941E2F8F1}
		{97E8B597-DE69-3897-91AF-CE5FA35FBD9B} = {97E8B597-DE69-3897-91AF-CE5FA35FBD9B}
		{DC3F363B-A4DC-30B6-B5A7-DA60FED6F203} = {DC3F363B-A4DC-30B6-B5A7-DA60FED6F203}
		{E27F0E5F-4348-3EF3-9A4F-CDB3D65E15F4} = {E27F0E5F-4348-3EF3-9A4F-CDB3D65E15F4}
		{E93D3C51-C936-3FB2-B8A3-0E74101F70BD} = {E93D3C51-C936-3FB2-B8A3-0E74101F70BD}
		{1D1146CD-A153-31D3-A7A8-A612CDEA8270} = {1D1146CD-A153-31D3-A7A8-A612CDEA8270}
		{321604E7-E31F-37E7-A857-468FC8AC87B4} = {321604E7-E31F-37E7-A857-468FC8AC87B4}
		{D4129124-D286-323A-8E52-AFCBF69B4B81} = {D4129124-D286-323A-8E52-AFCBF69B4B81}
		{4C9DE581-8A5A-359A-8A0C-DB9870EC3ED7} = {4C9DE581-8A5A-359A-8A0C-DB9870EC3ED7}
		{A1682C4A-F418-3B0E-94BE-302933CDAE6B} = {A1682C4A-F418-3B0E-94BE-302933CDAE6B}
		{02916E4C-B8A6-3FAE-92EB-0CF10A307DBE} = {02916E4C-B8A6-3FAE-92EB-0CF10A307DBE}
		{98E6749A-2939-3652-B07C-9C69F34FFD5E} = {98E6749A-2939-3652-B07C-9C69F34FFD5E}
		{AD305F7D-E035-3130-BB72-61AC031C35B2} = {AD305F7D-E035-3130-BB72-61AC031C35B2}
		{F3C9B6E8-C8E3-34CD-A8A1-03333F0EDB17} = {F3C9B6E8-C8E3-34CD-A8A1-03333F0EDB17}
		{592DF316-C089-3D7A-9476-AD88CC69CBD5} = {592DF316-C089-3D7A-9476-AD88CC69CBD5}
		{8C5F74AD-B81F-38BA-8F44-ACB1E635AD7A} = {8C5F74AD-B81F-38BA-8F44-ACB1E635AD7A}
		{69FDB890-B7BF-3AB4-A79C-50B3501E4AAE} = {69FDB890-B7BF-3AB4-A79C-50B3501E4AAE}
		{F2E9513A-75D5-35D4-AA34-F6DC9A744CA5} = {F2E9513A-75D5-35D4-AA34-F6DC9A744CA5}
		{B6933E52-D7C2-388C-B976-4B6D622B63E6} = {B6933E52-D7C2-388C-B976-4B6D622B63E6}
	EndProjectSection
EndProject
Project("{8BC9CEB8-8B4A-11D0-8D11-00A0C91BC942}") = "RUN_TESTS", "RUN_TESTS.vcxproj", "{0628F202-D519-31E2-A03B-B88D3ACE0151}"
	ProjectSection(ProjectDependencies) = postProject
	EndProjectSection
EndProject
Project("{8BC9CEB8-8B4A-11D0-8D11-00A0C91BC942}") = "aiWebSockets", "aiWebSockets.vcxproj", "{64D87CD7-764A-3B1F-AF03-CBEBF3248487}"
	ProjectSection(ProjectDependencies) = postProject
	EndProjectSection
EndProject
Project("{8BC9CEB8-8B4A-11D0-8D11-00A0C91BC942}") = "aiWebSocketsServer", "aiWebSocketsServer.vcxproj", "{4F372BD1-DEF9-3446-B9B2-0A0EB7C3AC92}"
	ProjectSection(ProjectDependencies) = postProject
		{64D87CD7-764A-3B1F-AF03-CBEBF3248487} = {64D87CD7-764A-3B1F-AF03-CBEBF3248487}
	EndProjectSection
EndProject
Project("{8BC9CEB8-8B4A-11D0-8D11-00A0C91BC942}") = "aiWebSocketsTests", "aiWebSocketsTests.vcxproj", "{A40BF7CA-9197-310A-9574-9EF407B3EB27}"
	ProjectSection(ProjectDependencies) = postProject
		{64D87CD7-764A-3B1F-AF03-CBEBF3248487} = {64D87CD7-764A-3B1F-AF03-CBEBF3248487}
	EndProjectSection
EndProject
Project("{8BC9CEB8-8B4A-11D0-8D11-00A0C91BC942}") = "async_performance_test", "async_performance_test.vcxproj", "{FA89A77A-425B-3244-A738-8B2B00B3CD07}"
	ProjectSection(ProjectDependencies) = postProject
		{64D87CD7-764A-3B1F-AF03-CBEBF3248487} = {64D87CD7-764A-3B1F-AF03-CBEBF3248487}
	EndProjectSection
EndProject
Project("{8BC9CEB8-8B4A-11D0-8D11-00A0C91BC942}") = "comprehensive_http_test", "comprehensive_http_test.vcxproj", "{0EF9943D-9D4B-3AB5-B39B-ACE2B6D91C8C}"
	ProjectSection(ProjectDependencies) = postProject
		{64D87CD7-764A-3B1F-AF03-CBEBF3248487} = {64D87CD7-764A-3B1F-AF03-CBEBF3248487}
	EndProjectSection
EndProject
Project("{8BC9CEB8-8B4A-11D0-8D11-00A0C91BC942}") = "debug_security_test", "debug_security_test.vcxproj", "{7B1F1317-7316-3C50-A3C8-46A3CA37CC32}"
	ProjectSection(ProjectDependencies) = postProject
		{64D87CD7-764A-3B1F-AF03-CBEBF3248487} = {64D87CD7-764A-3B1F-AF03-CBEBF3248487}
	EndProjectSection
EndProject
Project("{8BC9CEB8-8B4A-11D0-8D11-00A0C91BC942}") = "enhanced_handshake_test", "enhanced_handshake_test.vcxproj", "{3F1FC6A3-855B-3167-96FE-2FB941E2F8F1}"
	ProjectSection(ProjectDependencies) = postProject
		{64D87CD7-764A-3B1F-AF03-CBEBF3248487} = {64D87CD7-764A-3B1F-AF03-CBEBF3248487}
	EndProjectSection
EndProject
Project("{8BC9CEB8-8B4A-11D0-8D11-00A0C91BC942}") = "enhanced_security_test", "enhanced_security_test.vcxproj", "{97E8B597-DE69-3897-91AF-CE5FA35FBD9B}"
	ProjectSection(ProjectDependencies) = postProject
		{64D87CD7-764A-3B1F-AF03-CBEBF3248487} = {64D87CD7-764A-3B1F-AF03-CBEBF3248487}
	EndProjectSection
EndProject
Project("{8BC9CEB8-8B4A-11D0-8D11-00A0C91BC942}") = "event_loop_test", "event_loop_test.vcxproj", "{DC3F363B-A4DC-30B6-B5A7-DA60FED6F203}"
	ProjectSection(ProjectDependencies) = postProject
		{64D87CD7-764A-3B1F-AF03-CBEBF3248487} = {64D87CD7-764A-3B1F-AF03-CBEBF3248487}
	EndProjectSection
EndProject
Project("{8BC9CEB8-8B4A-11D0-8D11-00A0C91BC942}") = "http_client", "http_client.vcxproj", "{E27F0E5F-4348-3EF3-9A4F-CDB3D65E15F4}"
	ProjectSection(ProjectDependencies) = postProject
		{64D87CD7-764A-3B1F-AF03-CBEBF3248487} = {64D87CD7-764A-3B1F-AF03-CBEBF3248487}
	EndProjectSection
EndProject
Project("{8BC9CEB8-8B4A-11D0-8D11-00A0C91BC942}") = "http_compliance_test", "http_compliance_test.vcxproj", "{E93D3C51-C936-3FB2-B8A3-0E74101F70BD}"
	ProjectSection(ProjectDependencies) = postProject
		{64D87CD7-764A-3B1F-AF03-CBEBF3248487} = {64D87CD7-764A-3B1F-AF03-CBEBF3248487}
	EndProjectSection
EndProject
Project("{8BC9CEB8-8B4A-11D0-8D11-00A0C91BC942}") = "http_security_test", "http_security_test.vcxproj", "{1D1146CD-A153-31D3-A7A8-A612CDEA8270}"
	ProjectSection(ProjectDependencies) = postProject
		{64D87CD7-764A-3B1F-AF03-CBEBF3248487} = {64D87CD7-764A-3B1F-AF03-CBEBF3248487}
	EndProjectSection
EndProject
Project("{8BC9CEB8-8B4A-11D0-8D11-00A0C91BC942}") = "hybrid_server", "hybrid_server.vcxproj", "{321604E7-E31F-37E7-A857-468FC8AC87B4}"
	ProjectSection(ProjectDependencies) = postProject
		{64D87CD7-764A-3B1F-AF03-CBEBF3248487} = {64D87CD7-764A-3B1F-AF03-CBEBF3248487}
	EndProjectSection
EndProject
Project("{8BC9CEB8-8B4A-11D0-8D11-00A0C91BC942}") = "large_data_test", "large_data_test.vcxproj", "{D4129124-D286-323A-8E52-AFCBF69B4B81}"
	ProjectSection(ProjectDependencies) = postProject
		{64D87CD7-764A-3B1F-AF03-CBEBF3248487} = {64D87CD7-764A-3B1F-AF03-CBEBF3248487}
	EndProjectSection
EndProject
Project("{8BC9CEB8-8B4A-11D0-8D11-00A0C91BC942}") = "nonblocking_hybrid_server", "nonblocking_hybrid_server.vcxproj", "{4C9DE581-8A5A-359A-8A0C-DB9870EC3ED7}"
	ProjectSection(ProjectDependencies) = postProject
		{64D87CD7-764A-3B1F-AF03-CBEBF3248487} = {64D87CD7-764A-3B1F-AF03-CBEBF3248487}
	EndProjectSection
EndProject
Project("{8BC9CEB8-8B4A-11D0-8D11-00A0C91BC942}") = "performance_test", "performance_test.vcxproj", "{A1682C4A-F418-3B0E-94BE-302933CDAE6B}"
	ProjectSection(ProjectDependencies) = postProject
		{64D87CD7-764A-3B1F-AF03-CBEBF3248487} = {64D87CD7-764A-3B1F-AF03-CBEBF3248487}
	EndProjectSection
EndProject
Project("{8BC9CEB8-8B4A-11D0-8D11-00A0C91BC942}") = "security_test", "security_test.vcxproj", "{02916E4C-B8A6-3FAE-92EB-0CF10A307DBE}"
	ProjectSection(ProjectDependencies) = postProject
		{64D87CD7-764A-3B1F-AF03-CBEBF3248487} = {64D87CD7-764A-3B1F-AF03-CBEBF3248487}
	EndProjectSection
EndProject
Project("{8BC9CEB8-8B4A-11D0-8D11-00A0C91BC942}") = "sequential_server", "sequential_server.vcxproj", "{98E6749A-2939-3652-B07C-9C69F34FFD5E}"
	ProjectSection(ProjectDependencies) = postProject
		{64D87CD7-764A-3B1F-AF03-CBEBF3248487} = {64D87CD7-764A-3B1F-AF03-CBEBF3248487}
	EndProjectSection
EndProject
Project("{8BC9CEB8-8B4A-11D0-8D11-00A0C91BC942}") = "server_to_client_test", "server_to_client_test.vcxproj", "{AD305F7D-E035-3130-BB72-61AC031C35B2}"
	ProjectSection(ProjectDependencies) = postProject
		{64D87CD7-764A-3B1F-AF03-CBEBF3248487} = {64D87CD7-764A-3B1F-AF03-CBEBF3248487}
	EndProjectSection
EndProject
Project("{8BC9CEB8-8B4A-11D0-8D11-00A0C91BC942}") = "socket_test", "socket_test.vcxproj", "{F3C9B6E8-C8E3-34CD-A8A1-03333F0EDB17}"
	ProjectSection(ProjectDependencies) = postProject
		{64D87CD7-764A-3B1F-AF03-CBEBF3248487} = {64D87CD7-764A-3B1F-AF03-CBEBF3248487}
	EndProjectSection
EndProject
Project("{8BC9CEB8-8B4A-11D0-8D11-00A0C91BC942}") = "test_client", "test_client.vcxproj", "{592DF316-C089-3D7A-9476-AD88CC69CBD5}"
	ProjectSection(ProjectDependencies) = postProject
		{64D87CD7-764A-3B1F-AF03-CBEBF3248487} = {64D87CD7-764A-3B1F-AF03-CBEBF3248487}
	EndProjectSection
EndProject
Project("{8BC9CEB8-8B4A-11D0-8D11-00A0C91BC942}") = "test_http_quick_wins", "test_http_quick_wins.vcxproj", "{8C5F74AD-B81F-38BA-8F44-ACB1E635AD7A}"
	ProjectSection(ProjectDependencies) = postProject
		{64D87CD7-764A-3B1F-AF03-CBEBF3248487} = {64D87CD7-764A-3B1F-AF03-CBEBF3248487}
	EndProjectSection
EndProject
Project("{8BC9CEB8-8B4A-11D0-8D11-00A0C91BC942}") = "user_agent_test", "user_agent_test.vcxproj", "{69FDB890-B7BF-3AB4-A79C-50B3501E4AAE}"
	ProjectSection(ProjectDependencies) = postProject
		{64D87CD7-764A-3B1F-AF03-CBEBF3248487} = {64D87CD7-764A-3B1F-AF03-CBEBF3248487}
	EndProjectSection
EndProject
Project("{8BC9CEB8-8B4A-11D0-8D11-00A0C91BC942}") = "websocket_client", "websocket_client.vcxproj", "{F2E9513A-75D5-35D4-AA34-F6DC9A744CA5}"
	ProjectSection(ProjectDependencies) = postProject
		{64D87CD7-764A-3B1F-AF03-CBEBF3248487} = {64D87CD7-764A-3B1F-AF03-CBEBF3248487}
	EndProjectSection
EndProject
Project("{8BC9CEB8-8B4A-11D0-8D11-00A0C91BC942}") = "websocket_compliance_test", "websocket_compliance_test.vcxproj", "{B6933E52-D7C2-388C-B976-4B6D622B63E6}"
	ProjectSection(ProjectDependencies) = postProject
		{64D87CD7-764A-3B1F-AF03-CBEBF3248487} = {64D87CD7-764A-3B1F-AF03-CBEBF3248487}
	EndProjectSection
EndProject
Global
	GlobalSection(SolutionConfigurationPlatforms) = preSolution
		Debug|x64 = Debug|x64
		Release|x64 = Release|x64
		MinSizeRel|x64 = MinSizeRel|x64
		RelWithDebInfo|x64 = RelWithDebInfo|x64
	EndGlobalSection
	GlobalSection(ProjectConfigurationPlatforms) = postSolution
		{94FA41BB-1A65-3901-A640-8C39F6B26293}.Debug|x64.ActiveCfg = Debug|x64
		{94FA41BB-1A65-3901-A640-8C39F6B26293}.Release|x64.ActiveCfg = Release|x64
		{94FA41BB-1A65-3901-A640-8C39F6B26293}.MinSizeRel|x64.ActiveCfg = MinSizeRel|x64
		{94FA41BB-1A65-3901-A640-8C39F6B26293}.RelWithDebInfo|x64.ActiveCfg = RelWithDebInfo|x64
		{0628F202-D519-31E2-A03B-B88D3ACE0151}.Debug|x64.ActiveCfg = Debug|x64
		{0628F202-D519-31E2-A03B-B88D3ACE0151}.Release|x64.ActiveCfg = Release|x64
		{0628F202-D519-31E2-A03B-B88D3ACE0151}.MinSizeRel|x64.ActiveCfg = MinSizeRel|x64
		{0628F202-D519-31E2-A03B-B88D3ACE0151}.RelWithDebInfo|x64.ActiveCfg = RelWithDebInfo|x64
		{64D87CD7-764A-3B1F-AF03-CBEBF3248487}.Debug|x64.ActiveCfg = Debug|x64
		{64D87CD7-764A-3B1F-AF03-CBEBF3248487}.Debug|x64.Build.0 = Debug|x64
		{64D87CD7-764A-3B1F-AF03-CBEBF3248487}.Release|x64.ActiveCfg = Release|x64
		{64D87CD7-764A-3B1F-AF03-CBEBF3248487}.Release|x64.Build.0 = Release|x64
		{64D87CD7-764A-3B1F-AF03-CBEBF3248487}.MinSizeRel|x64.ActiveCfg = MinSizeRel|x64
		{64D87CD7-764A-3B1F-AF03-CBEBF3248487}.MinSizeRel|x64.Build.0 = MinSizeRel|x64
		{64D87CD7-764A-3B1F-AF03-CBEBF3248487}.RelWithDebInfo|x64.ActiveCfg = RelWithDebInfo|x64
		{64D87CD7-764A-3B1F-AF03-CBEBF3248487}.RelWithDebInfo|x64.Build.0 = RelWithDebInfo|x64
		{4F372BD1-DEF9-3446-B9B2-0A0EB7C3AC92}.Debug|x64.ActiveCfg = Debug|x64
		{4F372BD1-DEF9-3446-B9B2-0A0EB7C3AC92}.Debug|x64.Build.0 = Debug|x64
		{4F372BD1-DEF9-3446-B9B2-0A0EB7C3AC92}.Release|x64.ActiveCfg = Release|x64
		{4F372BD1-DEF9-3446-B9B2-0A0EB7C3AC92}.Release|x64.Build.0 = Release|x64
		{4F372BD1-DEF9-3446-B9B2-0A0EB7C3AC92}.MinSizeRel|x64.ActiveCfg = MinSizeRel|x64
		{4F372BD1-DEF9-3446-B9B2-0A0EB7C3AC92}.MinSizeRel|x64.Build.0 = MinSizeRel|x64
		{4F372BD1-DEF9-3446-B9B2-0A0EB7C3AC92}.RelWithDebInfo|x64.ActiveCfg = RelWithDebInfo|x64
		{4F372BD1-DEF9-3446-B9B2-0A0EB7C3AC92}.RelWithDebInfo|x64.Build.0 = RelWithDebInfo|x64
		{A40BF7CA-9197-310A-9574-9EF407B3EB27}.Debug|x64.ActiveCfg = Debug|x64
		{A40BF7CA-9197-310A-9574-9EF407B3EB27}.Debug|x64.Build.0 = Debug|x64
		{A40BF7CA-9197-310A-9574-9EF407B3EB27}.Release|x64.ActiveCfg = Release|x64
		{A40BF7CA-9197-310A-9574-9EF407B3EB27}.Release|x64.Build.0 = Release|x64
		{A40BF7CA-9197-310A-9574-9EF407B3EB27}.MinSizeRel|x64.ActiveCfg = MinSizeRel|x64
		{A40BF7CA-9197-310A-9574-9EF407B3EB27}.MinSizeRel|x64.Build.0 = MinSizeRel|x64
		{A40BF7CA-9197-310A-9574-9EF407B3EB27}.RelWithDebInfo|x64.ActiveCfg = RelWithDebInfo|x64
		{A40BF7CA-9197-310A-9574-9EF407B3EB27}.RelWithDebInfo|x64.Build.0 = RelWithDebInfo|x64
		{FA89A77A-425B-3244-A738-8B2B00B3CD07}.Debug|x64.ActiveCfg = Debug|x64
		{FA89A77A-425B-3244-A738-8B2B00B3CD07}.Debug|x64.Build.0 = Debug|x64
		{FA89A77A-425B-3244-A738-8B2B00B3CD07}.Release|x64.ActiveCfg = Release|x64
		{FA89A77A-425B-3244-A738-8B2B00B3CD07}.Release|x64.Build.0 = Release|x64
		{FA89A77A-425B-3244-A738-8B2B00B3CD07}.MinSizeRel|x64.ActiveCfg = MinSizeRel|x64
		{FA89A77A-425B-3244-A738-8B2B00B3CD07}.MinSizeRel|x64.Build.0 = MinSizeRel|x64
		{FA89A77A-425B-3244-A738-8B2B00B3CD07}.RelWithDebInfo|x64.ActiveCfg = RelWithDebInfo|x64
		{FA89A77A-425B-3244-A738-8B2B00B3CD07}.RelWithDebInfo|x64.Build.0 = RelWithDebInfo|x64
		{0EF9943D-9D4B-3AB5-B39B-ACE2B6D91C8C}.Debug|x64.ActiveCfg = Debug|x64
		{0EF9943D-9D4B-3AB5-B39B-ACE2B6D91C8C}.Debug|x64.Build.0 = Debug|x64
		{0EF9943D-9D4B-3AB5-B39B-ACE2B6D91C8C}.Release|x64.ActiveCfg = Release|x64
		{0EF9943D-9D4B-3AB5-B39B-ACE2B6D91C8C}.Release|x64.Build.0 = Release|x64
		{0EF9943D-9D4B-3AB5-B39B-ACE2B6D91C8C}.MinSizeRel|x64.ActiveCfg = MinSizeRel|x64
		{0EF9943D-9D4B-3AB5-B39B-ACE2B6D91C8C}.MinSizeRel|x64.Build.0 = MinSizeRel|x64
		{0EF9943D-9D4B-3AB5-B39B-ACE2B6D91C8C}.RelWithDebInfo|x64.ActiveCfg = RelWithDebInfo|x64
		{0EF9943D-9D4B-3AB5-B39B-ACE2B6D91C8C}.RelWithDebInfo|x64.Build.0 = RelWithDebInfo|x64
		{7B1F1317-7316-3C50-A3C8-46A3CA37CC32}.Debug|x64.ActiveCfg = Debug|x64
		{7B1F1317-7316-3C50-A3C8-46A3CA37CC32}.Debug|x64.Build.0 = Debug|x64
		{7B1F1317-7316-3C50-A3C8-46A3CA37CC32}.Release|x64.ActiveCfg = Release|x64
		{7B1F1317-7316-3C50-A3C8-46A3CA37CC32}.Release|x64.Build.0 = Release|x64
		{7B1F1317-7316-3C50-A3C8-46A3CA37CC32}.MinSizeRel|x64.ActiveCfg = MinSizeRel|x64
		{7B1F1317-7316-3C50-A3C8-46A3CA37CC32}.MinSizeRel|x64.Build.0 = MinSizeRel|x64
		{7B1F1317-7316-3C50-A3C8-46A3CA37CC32}.RelWithDebInfo|x64.ActiveCfg = RelWithDebInfo|x64
		{7B1F1317-7316-3C50-A3C8-46A3CA37CC32}.RelWithDebInfo|x64.Build.0 = RelWithDebInfo|x64
		{3F1FC6A3-855B-3167-96FE-2FB941E2F8F1}.Debug|x64.ActiveCfg = Debug|x64
		{3F1FC6A3-855B-3167-96FE-2FB941E2F8F1}.Debug|x64.Build.0 = Debug|x64
		{3F1FC6A3-855B-3167-96FE-2FB941E2F8F1}.Release|x64.ActiveCfg = Release|x64
		{3F1FC6A3-855B-3167-96FE-2FB941E2F8F1}.Release|x64.Build.0 = Release|x64
		{3F1FC6A3-855B-3167-96FE-2FB941E2F8F1}.MinSizeRel|x64.ActiveCfg = MinSizeRel|x64
		{3F1FC6A3-855B-3167-96FE-2FB941E2F8F1}.MinSizeRel|x64.Build.0 = MinSizeRel|x64
		{3F1FC6A3-855B-3167-96FE-2FB941E2F8F1}.RelWithDebInfo|x64.ActiveCfg = RelWithDebInfo|x64
		{3F1FC6A3-855B-3167-96FE-2FB941E2F8F1}.RelWithDebInfo|x64.Build.0 = RelWithDebInfo|x64
		{97E8B597-DE69-3897-91AF-CE5FA35FBD9B}.Debug|x64.ActiveCfg = Debug|x64
		{97E8B597-DE69-3897-91AF-CE5FA35FBD9B}.Debug|x64.Build.0 = Debug|x64
		{97E8B597-DE69-3897-91AF-CE5FA35FBD9B}.Release|x64.ActiveCfg = Release|x64
		{97E8B597-DE69-3897-91AF-CE5FA35FBD9B}.Release|x64.Build.0 = Release|x64
		{97E8B597-DE69-3897-91AF-CE5FA35FBD9B}.MinSizeRel|x64.ActiveCfg = MinSizeRel|x64
		{97E8B597-DE69-3897-91AF-CE5FA35FBD9B}.MinSizeRel|x64.Build.0 = MinSizeRel|x64
		{97E8B597-DE69-3897-91AF-CE5FA35FBD9B}.RelWithDebInfo|x64.ActiveCfg = RelWithDebInfo|x64
		{97E8B597-DE69-3897-91AF-CE5FA35FBD9B}.RelWithDebInfo|x64.Build.0 = RelWithDebInfo|x64
		{DC3F363B-A4DC-30B6-B5A7-DA60FED6F203}.Debug|x64.ActiveCfg = Debug|x64
		{DC3F363B-A4DC-30B6-B5A7-DA60FED6F203}.Debug|x64.Build.0 = Debug|x64
		{DC3F363B-A4DC-30B6-B5A7-DA60FED6F203}.Release|x64.ActiveCfg = Release|x64
		{DC3F363B-A4DC-30B6-B5A7-DA60FED6F203}.Release|x64.Build.0 = Release|x64
		{DC3F363B-A4DC-30B6-B5A7-DA60FED6F203}.MinSizeRel|x64.ActiveCfg = MinSizeRel|x64
		{DC3F363B-A4DC-30B6-B5A7-DA60FED6F203}.MinSizeRel|x64.Build.0 = MinSizeRel|x64
		{DC3F363B-A4DC-30B6-B5A7-DA60FED6F203}.RelWithDebInfo|x64.ActiveCfg = RelWithDebInfo|x64
		{DC3F363B-A4DC-30B6-B5A7-DA60FED6F203}.RelWithDebInfo|x64.Build.0 = RelWithDebInfo|x64
		{E27F0E5F-4348-3EF3-9A4F-CDB3D65E15F4}.Debug|x64.ActiveCfg = Debug|x64
		{E27F0E5F-4348-3EF3-9A4F-CDB3D65E15F4}.Debug|x64.Build.0 = Debug|x64
		{E27F0E5F-4348-3EF3-9A4F-CDB3D65E15F4}.Release|x64.ActiveCfg = Release|x64
		{E27F0E5F-4348-3EF3-9A4F-CDB3D65E15F4}.Release|x64.Build.0 = Release|x64
		{E27F0E5F-4348-3EF3-9A4F-CDB3D65E15F4}.MinSizeRel|x64.ActiveCfg = MinSizeRel|x64
		{E27F0E5F-4348-3EF3-9A4F-CDB3D65E15F4}.MinSizeRel|x64.Build.0 = MinSizeRel|x64
		{E27F0E5F-4348-3EF3-9A4F-CDB3D65E15F4}.RelWithDebInfo|x64.ActiveCfg = RelWithDebInfo|x64
		{E27F0E5F-4348-3EF3-9A4F-CDB3D65E15F4}.RelWithDebInfo|x64.Build.0 = RelWithDebInfo|x64
		{E93D3C51-C936-3FB2-B8A3-0E74101F70BD}.Debug|x64.ActiveCfg = Debug|x64
		{E93D3C51-C936-3FB2-B8A3-0E74101F70BD}.Debug|x64.Build.0 = Debug|x64
		{E93D3C51-C936-3FB2-B8A3-0E74101F70BD}.Release|x64.ActiveCfg = Release|x64
		{E93D3C51-C936-3FB2-B8A3-0E74101F70BD}.Release|x64.Build.0 = Release|x64
		{E93D3C51-C936-3FB2-B8A3-0E74101F70BD}.MinSizeRel|x64.ActiveCfg = MinSizeRel|x64
		{E93D3C51-C936-3FB2-B8A3-0E74101F70BD}.MinSizeRel|x64.Build.0 = MinSizeRel|x64
		{E93D3C51-C936-3FB2-B8A3-0E74101F70BD}.RelWithDebInfo|x64.ActiveCfg = RelWithDebInfo|x64
		{E93D3C51-C936-3FB2-B8A3-0E74101F70BD}.RelWithDebInfo|x64.Build.0 = RelWithDebInfo|x64
		{1D1146CD-A153-31D3-A7A8-A612CDEA8270}.Debug|x64.ActiveCfg = Debug|x64
		{1D1146CD-A153-31D3-A7A8-A612CDEA8270}.Debug|x64.Build.0 = Debug|x64
		{1D1146CD-A153-31D3-A7A8-A612CDEA8270}.Release|x64.ActiveCfg = Release|x64
		{1D1146CD-A153-31D3-A7A8-A612CDEA8270}.Release|x64.Build.0 = Release|x64
		{1D1146CD-A153-31D3-A7A8-A612CDEA8270}.MinSizeRel|x64.ActiveCfg = MinSizeRel|x64
		{1D1146CD-A153-31D3-A7A8-A612CDEA8270}.MinSizeRel|x64.Build.0 = MinSizeRel|x64
		{1D1146CD-A153-31D3-A7A8-A612CDEA8270}.RelWithDebInfo|x64.ActiveCfg = RelWithDebInfo|x64
		{1D1146CD-A153-31D3-A7A8-A612CDEA8270}.RelWithDebInfo|x64.Build.0 = RelWithDebInfo|x64
		{321604E7-E31F-37E7-A857-468FC8AC87B4}.Debug|x64.ActiveCfg = Debug|x64
		{321604E7-E31F-37E7-A857-468FC8AC87B4}.Debug|x64.Build.0 = Debug|x64
		{321604E7-E31F-37E7-A857-468FC8AC87B4}.Release|x64.ActiveCfg = Release|x64
		{321604E7-E31F-37E7-A857-468FC8AC87B4}.Release|x64.Build.0 = Release|x64
		{321604E7-E31F-37E7-A857-468FC8AC87B4}.MinSizeRel|x64.ActiveCfg = MinSizeRel|x64
		{321604E7-E31F-37E7-A857-468FC8AC87B4}.MinSizeRel|x64.Build.0 = MinSizeRel|x64
		{321604E7-E31F-37E7-A857-468FC8AC87B4}.RelWithDebInfo|x64.ActiveCfg = RelWithDebInfo|x64
		{321604E7-E31F-37E7-A857-468FC8AC87B4}.RelWithDebInfo|x64.Build.0 = RelWithDebInfo|x64
		{D4129124-D286-323A-8E52-AFCBF69B4B81}.Debug|x64.ActiveCfg = Debug|x64
		{D4129124-D286-323A-8E52-AFCBF69B4B81}.Debug|x64.Build.0 = Debug|x64
		{D4129124-D286-323A-8E52-AFCBF69B4B81}.Release|x64.ActiveCfg = Release|x64
		{D4129124-D286-323A-8E52-AFCBF69B4B81}.Release|x64.Build.0 = Release|x64
		{D4129124-D286-323A-8E52-AFCBF69B4B81}.MinSizeRel|x64.ActiveCfg = MinSizeRel|x64
		{D4129124-D286-323A-8E52-AFCBF69B4B81}.MinSizeRel|x64.Build.0 = MinSizeRel|x64
		{D4129124-D286-323A-8E52-AFCBF69B4B81}.RelWithDebInfo|x64.ActiveCfg = RelWithDebInfo|x64
		{D4129124-D286-323A-8E52-AFCBF69B4B81}.RelWithDebInfo|x64.Build.0 = RelWithDebInfo|x64
		{4C9DE581-8A5A-359A-8A0C-DB9870EC3ED7}.Debug|x64.ActiveCfg = Debug|x64
		{4C9DE581-8A5A-359A-8A0C-DB9870EC3ED7}.Debug|x64.Build.0 = Debug|x64
		{4C9DE581-8A5A-359A-8A0C-DB9870EC3ED7}.Release|x64.ActiveCfg = Release|x64
		{4C9DE581-8A5A-359A-8A0C-DB9870EC3ED7}.Release|x64.Build.0 = Release|x64
		{4C9DE581-8A5A-359A-8A0C-DB9870EC3ED7}.MinSizeRel|x64.ActiveCfg = MinSizeRel|x64
		{4C9DE581-8A5A-359A-8A0C-DB9870EC3ED7}.MinSizeRel|x64.Build.0 = MinSizeRel|x64
		{4C9DE581-8A5A-359A-8A0C-DB9870EC3ED7}.RelWithDebInfo|x64.ActiveCfg = RelWithDebInfo|x64
		{4C9DE581-8A5A-359A-8A0C-DB9870EC3ED7}.RelWithDebInfo|x64.Build.0 = RelWithDebInfo|x64
		{A1682C4A-F418-3B0E-94BE-302933CDAE6B}.Debug|x64.ActiveCfg = Debug|x64
		{A1682C4A-F418-3B0E-94BE-302933CDAE6B}.Debug|x64.Build.0 = Debug|x64
		{A1682C4A-F418-3B0E-94BE-302933CDAE6B}.Release|x64.ActiveCfg = Release|x64
		{A1682C4A-F418-3B0E-94BE-302933CDAE6B}.Release|x64.Build.0 = Release|x64
		{A1682C4A-F418-3B0E-94BE-302933CDAE6B}.MinSizeRel|x64.ActiveCfg = MinSizeRel|x64
		{A1682C4A-F418-3B0E-94BE-302933CDAE6B}.MinSizeRel|x64.Build.0 = MinSizeRel|x64
		{A1682C4A-F418-3B0E-94BE-302933CDAE6B}.RelWithDebInfo|x64.ActiveCfg = RelWithDebInfo|x64
		{A1682C4A-F418-3B0E-94BE-302933CDAE6B}.RelWithDebInfo|x64.Build.0 = RelWithDebInfo|x64
		{02916E4C-B8A6-3FAE-92EB-0CF10A307DBE}.Debug|x64.ActiveCfg = Debug|x64
		{02916E4C-B8A6-3FAE-92EB-0CF10A307DBE}.Debug|x64.Build.0 = Debug|x64
		{02916E4C-B8A6-3FAE-92EB-0CF10A307DBE}.Release|x64.ActiveCfg = Release|x64
		{02916E4C-B8A6-3FAE-92EB-0CF10A307DBE}.Release|x64.Build.0 = Release|x64
		{02916E4C-B8A6-3FAE-92EB-0CF10A307DBE}.MinSizeRel|x64.ActiveCfg = MinSizeRel|x64
		{02916E4C-B8A6-3FAE-92EB-0CF10A307DBE}.MinSizeRel|x64.Build.0 = MinSizeRel|x64
		{02916E4C-B8A6-3FAE-92EB-0CF10A307DBE}.RelWithDebInfo|x64.ActiveCfg = RelWithDebInfo|x64
		{02916E4C-B8A6-3FAE-92EB-0CF10A307DBE}.RelWithDebInfo|x64.Build.0 = RelWithDebInfo|x64
		{98E6749A-2939-3652-B07C-9C69F34FFD5E}.Debug|x64.ActiveCfg = Debug|x64
		{98E6749A-2939-3652-B07C-9C69F34FFD5E}.Debug|x64.Build.0 = Debug|x64
		{98E6749A-2939-3652-B07C-9C69F34FFD5E}.Release|x64.ActiveCfg = Release|x64
		{98E6749A-2939-3652-B07C-9C69F34FFD5E}.Release|x64.Build.0 = Release|x64
		{98E6749A-2939-3652-B07C-9C69F34FFD5E}.MinSizeRel|x64.ActiveCfg = MinSizeRel|x64
		{98E6749A-2939-3652-B07C-9C69F34FFD5E}.MinSizeRel|x64.Build.0 = MinSizeRel|x64
		{98E6749A-2939-3652-B07C-9C69F34FFD5E}.RelWithDebInfo|x64.ActiveCfg = RelWithDebInfo|x64
		{98E6749A-2939-3652-B07C-9C69F34FFD5E}.RelWithDebInfo|x64.Build.0 = RelWithDebInfo|x64
		{AD305F7D-E035-3130-BB72-61AC031C35B2}.Debug|x64.ActiveCfg = Debug|x64
		{AD305F7D-E035-3130-BB72-61AC031C35B2}.Debug|x64.Build.0 = Debug|x64
		{AD305F7D-E035-3130-BB72-61AC031C35B2}.Release|x64.ActiveCfg = Release|x64
		{AD305F7D-E035-3130-BB72-61AC031C35B2}.Release|x64.Build.0 = Release|x64
		{AD305F7D-E035-3130-BB72-61AC031C35B2}.MinSizeRel|x64.ActiveCfg = MinSizeRel|x64
		{AD305F7D-E035-3130-BB72-61AC031C35B2}.MinSizeRel|x64.Build.0 = MinSizeRel|x64
		{AD305F7D-E035-3130-BB72-61AC031C35B2}.RelWithDebInfo|x64.ActiveCfg = RelWithDebInfo|x64
		{AD305F7D-E035-3130-BB72-61AC031C35B2}.RelWithDebInfo|x64.Build.0 = RelWithDebInfo|x64
		{F3C9B6E8-C8E3-34CD-A8A1-03333F0EDB17}.Debug|x64.ActiveCfg = Debug|x64
		{F3C9B6E8-C8E3-34CD-A8A1-03333F0EDB17}.Debug|x64.Build.0 = Debug|x64
		{F3C9B6E8-C8E3-34CD-A8A1-03333F0EDB17}.Release|x64.ActiveCfg = Release|x64
		{F3C9B6E8-C8E3-34CD-A8A1-03333F0EDB17}.Release|x64.Build.0 = Release|x64
		{F3C9B6E8-C8E3-34CD-A8A1-03333F0EDB17}.MinSizeRel|x64.ActiveCfg = MinSizeRel|x64
		{F3C9B6E8-C8E3-34CD-A8A1-03333F0EDB17}.MinSizeRel|x64.Build.0 = MinSizeRel|x64
		{F3C9B6E8-C8E3-34CD-A8A1-03333F0EDB17}.RelWithDebInfo|x64.ActiveCfg = RelWithDebInfo|x64
		{F3C9B6E8-C8E3-34CD-A8A1-03333F0EDB17}.RelWithDebInfo|x64.Build.0 = RelWithDebInfo|x64
		{592DF316-C089-3D7A-9476-AD88CC69CBD5}.Debug|x64.ActiveCfg = Debug|x64
		{592DF316-C089-3D7A-9476-AD88CC69CBD5}.Debug|x64.Build.0 = Debug|x64
		{592DF316-C089-3D7A-9476-AD88CC69CBD5}.Release|x64.ActiveCfg = Release|x64
		{592DF316-C089-3D7A-9476-AD88CC69CBD5}.Release|x64.Build.0 = Release|x64
		{592DF316-C089-3D7A-9476-AD88CC69CBD5}.MinSizeRel|x64.ActiveCfg = MinSizeRel|x64
		{592DF316-C089-3D7A-9476-AD88CC69CBD5}.MinSizeRel|x64.Build.0 = MinSizeRel|x64
		{592DF316-C089-3D7A-9476-AD88CC69CBD5}.RelWithDebInfo|x64.ActiveCfg = RelWithDebInfo|x64
		{592DF316-C089-3D7A-9476-AD88CC69CBD5}.RelWithDebInfo|x64.Build.0 = RelWithDebInfo|x64
		{8C5F74AD-B81F-38BA-8F44-ACB1E635AD7A}.Debug|x64.ActiveCfg = Debug|x64
		{8C5F74AD-B81F-38BA-8F44-ACB1E635AD7A}.Debug|x64.Build.0 = Debug|x64
		{8C5F74AD-B81F-38BA-8F44-ACB1E635AD7A}.Release|x64.ActiveCfg = Release|x64
		{8C5F74AD-B81F-38BA-8F44-ACB1E635AD7A}.Release|x64.Build.0 = Release|x64
		{8C5F74AD-B81F-38BA-8F44-ACB1E635AD7A}.MinSizeRel|x64.ActiveCfg = MinSizeRel|x64
		{8C5F74AD-B81F-38BA-8F44-ACB1E635AD7A}.MinSizeRel|x64.Build.0 = MinSizeRel|x64
		{8C5F74AD-B81F-38BA-8F44-ACB1E635AD7A}.RelWithDebInfo|x64.ActiveCfg = RelWithDebInfo|x64
		{8C5F74AD-B81F-38BA-8F44-ACB1E635AD7A}.RelWithDebInfo|x64.Build.0 = RelWithDebInfo|x64
		{69FDB890-B7BF-3AB4-A79C-50B3501E4AAE}.Debug|x64.ActiveCfg = Debug|x64
		{69FDB890-B7BF-3AB4-A79C-50B3501E4AAE}.Debug|x64.Build.0 = Debug|x64
		{69FDB890-B7BF-3AB4-A79C-50B3501E4AAE}.Release|x64.ActiveCfg = Release|x64
		{69FDB890-B7BF-3AB4-A79C-50B3501E4AAE}.Release|x64.Build.0 = Release|x64
		{69FDB890-B7BF-3AB4-A79C-50B3501E4AAE}.MinSizeRel|x64.ActiveCfg = MinSizeRel|x64
		{69FDB890-B7BF-3AB4-A79C-50B3501E4AAE}.MinSizeRel|x64.Build.0 = MinSizeRel|x64
		{69FDB890-B7BF-3AB4-A79C-50B3501E4AAE}.RelWithDebInfo|x64.ActiveCfg = RelWithDebInfo|x64
		{69FDB890-B7BF-3AB4-A79C-50B3501E4AAE}.RelWithDebInfo|x64.Build.0 = RelWithDebInfo|x64
		{F2E9513A-75D5-35D4-AA34-F6DC9A744CA5}.Debug|x64.ActiveCfg = Debug|x64
		{F2E9513A-75D5-35D4-AA34-F6DC9A744CA5}.Debug|x64.Build.0 = Debug|x64
		{F2E9513A-75D5-35D4-AA34-F6DC9A744CA5}.Release|x64.ActiveCfg = Release|x64
		{F2E9513A-75D5-35D4-AA34-F6DC9A744CA5}.Release|x64.Build.0 = Release|x64
		{F2E9513A-75D5-35D4-AA34-F6DC9A744CA5}.MinSizeRel|x64.ActiveCfg = MinSizeRel|x64
		{F2E9513A-75D5-35D4-AA34-F6DC9A744CA5}.MinSizeRel|x64.Build.0 = MinSizeRel|x64
		{F2E9513A-75D5-35D4-AA34-F6DC9A744CA5}.RelWithDebInfo|x64.ActiveCfg = RelWithDebInfo|x64
		{F2E9513A-75D5-35D4-AA34-F6DC9A744CA5}.RelWithDebInfo|x64.Build.0 = RelWithDebInfo|x64
		{B6933E52-D7C2-388C-B976-4B6D622B63E6}.Debug|x64.ActiveCfg = Debug|x64
		{B6933E52-D7C2-388C-B976-4B6D622B63E6}.Debug|x64.Build.0 = Debug|x64
		{B6933E52-D7C2-388C-B976-4B6D622B63E6}.Release|x64.ActiveCfg = Release|x64
		{B6933E52-D7C2-388C-B976-4B6D622B63E6}.Release|x64.Build.0 = Release|x64
		{B6933E52-D7C2-388C-B976-4B6D622B63E6}.MinSizeRel|x64.ActiveCfg = MinSizeRel|x64
		{B6933E52-D7C2-388C-B976-4B6D622B63E6}.MinSizeRel|x64.Build.0 = MinSizeRel|x64
		{B6933E52-D7C2-388C-B976-4B6D622B63E6}.RelWithDebInfo|x64.ActiveCfg = RelWithDebInfo|x64
		{B6933E52-D7C2-388C-B976-4B6D622B63E6}.RelWithDebInfo|x64.Build.0 = RelWithDebInfo|x64
	EndGlobalSection
	GlobalSection(ExtensibilityGlobals) = postSolution
		SolutionGuid = {E2431E49-CFC1-3EF8-A528-58062C56F1F8}
	EndGlobalSection
	GlobalSection(ExtensibilityAddIns) = postSolution
	EndGlobalSection
EndGlobal
