<?xml version="1.0" encoding="utf-8"?>
<Project ToolsVersion="17.0" xmlns="http://schemas.microsoft.com/developer/msbuild/2003">
  <ItemGroup>
    <ClCompile Include="C:\Users\cool\Desktop\aiWebSockets\examples\http_client.cpp">
      <Filter>Source Files</Filter>
    </ClCompile>
  </ItemGroup>
  <ItemGroup>
    <Filter Include="Source Files">
      <UniqueIdentifier>{943D1EBD-7B31-35B8-941E-93453BFFACAF}</UniqueIdentifier>
    </Filter>
  </ItemGroup>
</Project>
