
Microsoft Visual Studio Solution File, Format Version 12.00
# Visual Studio Version 17
Project("{8BC9CEB8-8B4A-11D0-8D11-00A0C91BC942}") = "ALL_BUILD", "ALL_BUILD.vcxproj", "{F15EE381-1B47-3764-A87A-C8BA483A7DB3}"
	ProjectSection(ProjectDependencies) = postProject
		{2A560A1B-1FCE-3247-A233-2385F42AC899} = {2A560A1B-1FCE-3247-A233-2385F42AC899}
		{5DCE934B-7439-3E2E-904F-67A6DE74FF52} = {5DCE934B-7439-3E2E-904F-67A6DE74FF52}
		{70BFC7EC-F120-32B6-A187-C05BD768C5A6} = {70BFC7EC-F120-32B6-A187-C05BD768C5A6}
		{4256D958-D401-36A4-8F78-EC5A1FBBCB3C} = {4256D958-D401-36A4-8F78-EC5A1FBBCB3C}
		{416D6C37-A882-3E79-8323-C4D5017906A6} = {416D6C37-A882-3E79-8323-C4D5017906A6}
		{7E309199-15AF-39E3-AE32-B4E88A26900B} = {7E309199-15AF-39E3-AE32-B4E88A26900B}
		{402C449C-E3DE-38E9-B5EB-4D448CD61C94} = {402C449C-E3DE-38E9-B5EB-4D448CD61C94}
		{114B309C-8C66-3734-9C6F-1E3712BF3059} = {114B309C-8C66-3734-9C6F-1E3712BF3059}
		{B682287C-EC28-3AC2-AD59-7BB6E90F2F8A} = {B682287C-EC28-3AC2-AD59-7BB6E90F2F8A}
	EndProjectSection
EndProject
Project("{8BC9CEB8-8B4A-11D0-8D11-00A0C91BC942}") = "RUN_TESTS", "RUN_TESTS.vcxproj", "{14BBAD47-9A60-3669-AE25-5AD3766AC7C3}"
	ProjectSection(ProjectDependencies) = postProject
		{2A560A1B-1FCE-3247-A233-2385F42AC899} = {2A560A1B-1FCE-3247-A233-2385F42AC899}
	EndProjectSection
EndProject
Project("{8BC9CEB8-8B4A-11D0-8D11-00A0C91BC942}") = "ZERO_CHECK", "ZERO_CHECK.vcxproj", "{2A560A1B-1FCE-3247-A233-2385F42AC899}"
	ProjectSection(ProjectDependencies) = postProject
	EndProjectSection
EndProject
Project("{8BC9CEB8-8B4A-11D0-8D11-00A0C91BC942}") = "aiWebSockets", "aiWebSockets.vcxproj", "{5DCE934B-7439-3E2E-904F-67A6DE74FF52}"
	ProjectSection(ProjectDependencies) = postProject
		{2A560A1B-1FCE-3247-A233-2385F42AC899} = {2A560A1B-1FCE-3247-A233-2385F42AC899}
	EndProjectSection
EndProject
Project("{8BC9CEB8-8B4A-11D0-8D11-00A0C91BC942}") = "aiWebSocketsServer", "aiWebSocketsServer.vcxproj", "{70BFC7EC-F120-32B6-A187-C05BD768C5A6}"
	ProjectSection(ProjectDependencies) = postProject
		{2A560A1B-1FCE-3247-A233-2385F42AC899} = {2A560A1B-1FCE-3247-A233-2385F42AC899}
		{5DCE934B-7439-3E2E-904F-67A6DE74FF52} = {5DCE934B-7439-3E2E-904F-67A6DE74FF52}
	EndProjectSection
EndProject
Project("{8BC9CEB8-8B4A-11D0-8D11-00A0C91BC942}") = "aiWebSocketsTests", "aiWebSocketsTests.vcxproj", "{4256D958-D401-36A4-8F78-EC5A1FBBCB3C}"
	ProjectSection(ProjectDependencies) = postProject
		{2A560A1B-1FCE-3247-A233-2385F42AC899} = {2A560A1B-1FCE-3247-A233-2385F42AC899}
		{5DCE934B-7439-3E2E-904F-67A6DE74FF52} = {5DCE934B-7439-3E2E-904F-67A6DE74FF52}
	EndProjectSection
EndProject
Project("{8BC9CEB8-8B4A-11D0-8D11-00A0C91BC942}") = "event_loop_test", "event_loop_test.vcxproj", "{416D6C37-A882-3E79-8323-C4D5017906A6}"
	ProjectSection(ProjectDependencies) = postProject
		{2A560A1B-1FCE-3247-A233-2385F42AC899} = {2A560A1B-1FCE-3247-A233-2385F42AC899}
		{5DCE934B-7439-3E2E-904F-67A6DE74FF52} = {5DCE934B-7439-3E2E-904F-67A6DE74FF52}
	EndProjectSection
EndProject
Project("{8BC9CEB8-8B4A-11D0-8D11-00A0C91BC942}") = "large_data_test", "large_data_test.vcxproj", "{7E309199-15AF-39E3-AE32-B4E88A26900B}"
	ProjectSection(ProjectDependencies) = postProject
		{2A560A1B-1FCE-3247-A233-2385F42AC899} = {2A560A1B-1FCE-3247-A233-2385F42AC899}
		{5DCE934B-7439-3E2E-904F-67A6DE74FF52} = {5DCE934B-7439-3E2E-904F-67A6DE74FF52}
	EndProjectSection
EndProject
Project("{8BC9CEB8-8B4A-11D0-8D11-00A0C91BC942}") = "performance_test", "performance_test.vcxproj", "{402C449C-E3DE-38E9-B5EB-4D448CD61C94}"
	ProjectSection(ProjectDependencies) = postProject
		{2A560A1B-1FCE-3247-A233-2385F42AC899} = {2A560A1B-1FCE-3247-A233-2385F42AC899}
		{5DCE934B-7439-3E2E-904F-67A6DE74FF52} = {5DCE934B-7439-3E2E-904F-67A6DE74FF52}
	EndProjectSection
EndProject
Project("{8BC9CEB8-8B4A-11D0-8D11-00A0C91BC942}") = "server_to_client_test", "server_to_client_test.vcxproj", "{114B309C-8C66-3734-9C6F-1E3712BF3059}"
	ProjectSection(ProjectDependencies) = postProject
		{2A560A1B-1FCE-3247-A233-2385F42AC899} = {2A560A1B-1FCE-3247-A233-2385F42AC899}
		{5DCE934B-7439-3E2E-904F-67A6DE74FF52} = {5DCE934B-7439-3E2E-904F-67A6DE74FF52}
	EndProjectSection
EndProject
Project("{8BC9CEB8-8B4A-11D0-8D11-00A0C91BC942}") = "socket_test", "socket_test.vcxproj", "{B682287C-EC28-3AC2-AD59-7BB6E90F2F8A}"
	ProjectSection(ProjectDependencies) = postProject
		{2A560A1B-1FCE-3247-A233-2385F42AC899} = {2A560A1B-1FCE-3247-A233-2385F42AC899}
		{5DCE934B-7439-3E2E-904F-67A6DE74FF52} = {5DCE934B-7439-3E2E-904F-67A6DE74FF52}
	EndProjectSection
EndProject
Global
	GlobalSection(SolutionConfigurationPlatforms) = preSolution
		Debug|x64 = Debug|x64
		Release|x64 = Release|x64
		MinSizeRel|x64 = MinSizeRel|x64
		RelWithDebInfo|x64 = RelWithDebInfo|x64
	EndGlobalSection
	GlobalSection(ProjectConfigurationPlatforms) = postSolution
		{F15EE381-1B47-3764-A87A-C8BA483A7DB3}.Debug|x64.ActiveCfg = Debug|x64
		{F15EE381-1B47-3764-A87A-C8BA483A7DB3}.Release|x64.ActiveCfg = Release|x64
		{F15EE381-1B47-3764-A87A-C8BA483A7DB3}.MinSizeRel|x64.ActiveCfg = MinSizeRel|x64
		{F15EE381-1B47-3764-A87A-C8BA483A7DB3}.RelWithDebInfo|x64.ActiveCfg = RelWithDebInfo|x64
		{14BBAD47-9A60-3669-AE25-5AD3766AC7C3}.Debug|x64.ActiveCfg = Debug|x64
		{14BBAD47-9A60-3669-AE25-5AD3766AC7C3}.Release|x64.ActiveCfg = Release|x64
		{14BBAD47-9A60-3669-AE25-5AD3766AC7C3}.MinSizeRel|x64.ActiveCfg = MinSizeRel|x64
		{14BBAD47-9A60-3669-AE25-5AD3766AC7C3}.RelWithDebInfo|x64.ActiveCfg = RelWithDebInfo|x64
		{2A560A1B-1FCE-3247-A233-2385F42AC899}.Debug|x64.ActiveCfg = Debug|x64
		{2A560A1B-1FCE-3247-A233-2385F42AC899}.Debug|x64.Build.0 = Debug|x64
		{2A560A1B-1FCE-3247-A233-2385F42AC899}.Release|x64.ActiveCfg = Release|x64
		{2A560A1B-1FCE-3247-A233-2385F42AC899}.Release|x64.Build.0 = Release|x64
		{2A560A1B-1FCE-3247-A233-2385F42AC899}.MinSizeRel|x64.ActiveCfg = MinSizeRel|x64
		{2A560A1B-1FCE-3247-A233-2385F42AC899}.MinSizeRel|x64.Build.0 = MinSizeRel|x64
		{2A560A1B-1FCE-3247-A233-2385F42AC899}.RelWithDebInfo|x64.ActiveCfg = RelWithDebInfo|x64
		{2A560A1B-1FCE-3247-A233-2385F42AC899}.RelWithDebInfo|x64.Build.0 = RelWithDebInfo|x64
		{5DCE934B-7439-3E2E-904F-67A6DE74FF52}.Debug|x64.ActiveCfg = Debug|x64
		{5DCE934B-7439-3E2E-904F-67A6DE74FF52}.Debug|x64.Build.0 = Debug|x64
		{5DCE934B-7439-3E2E-904F-67A6DE74FF52}.Release|x64.ActiveCfg = Release|x64
		{5DCE934B-7439-3E2E-904F-67A6DE74FF52}.Release|x64.Build.0 = Release|x64
		{5DCE934B-7439-3E2E-904F-67A6DE74FF52}.MinSizeRel|x64.ActiveCfg = MinSizeRel|x64
		{5DCE934B-7439-3E2E-904F-67A6DE74FF52}.MinSizeRel|x64.Build.0 = MinSizeRel|x64
		{5DCE934B-7439-3E2E-904F-67A6DE74FF52}.RelWithDebInfo|x64.ActiveCfg = RelWithDebInfo|x64
		{5DCE934B-7439-3E2E-904F-67A6DE74FF52}.RelWithDebInfo|x64.Build.0 = RelWithDebInfo|x64
		{70BFC7EC-F120-32B6-A187-C05BD768C5A6}.Debug|x64.ActiveCfg = Debug|x64
		{70BFC7EC-F120-32B6-A187-C05BD768C5A6}.Debug|x64.Build.0 = Debug|x64
		{70BFC7EC-F120-32B6-A187-C05BD768C5A6}.Release|x64.ActiveCfg = Release|x64
		{70BFC7EC-F120-32B6-A187-C05BD768C5A6}.Release|x64.Build.0 = Release|x64
		{70BFC7EC-F120-32B6-A187-C05BD768C5A6}.MinSizeRel|x64.ActiveCfg = MinSizeRel|x64
		{70BFC7EC-F120-32B6-A187-C05BD768C5A6}.MinSizeRel|x64.Build.0 = MinSizeRel|x64
		{70BFC7EC-F120-32B6-A187-C05BD768C5A6}.RelWithDebInfo|x64.ActiveCfg = RelWithDebInfo|x64
		{70BFC7EC-F120-32B6-A187-C05BD768C5A6}.RelWithDebInfo|x64.Build.0 = RelWithDebInfo|x64
		{4256D958-D401-36A4-8F78-EC5A1FBBCB3C}.Debug|x64.ActiveCfg = Debug|x64
		{4256D958-D401-36A4-8F78-EC5A1FBBCB3C}.Debug|x64.Build.0 = Debug|x64
		{4256D958-D401-36A4-8F78-EC5A1FBBCB3C}.Release|x64.ActiveCfg = Release|x64
		{4256D958-D401-36A4-8F78-EC5A1FBBCB3C}.Release|x64.Build.0 = Release|x64
		{4256D958-D401-36A4-8F78-EC5A1FBBCB3C}.MinSizeRel|x64.ActiveCfg = MinSizeRel|x64
		{4256D958-D401-36A4-8F78-EC5A1FBBCB3C}.MinSizeRel|x64.Build.0 = MinSizeRel|x64
		{4256D958-D401-36A4-8F78-EC5A1FBBCB3C}.RelWithDebInfo|x64.ActiveCfg = RelWithDebInfo|x64
		{4256D958-D401-36A4-8F78-EC5A1FBBCB3C}.RelWithDebInfo|x64.Build.0 = RelWithDebInfo|x64
		{416D6C37-A882-3E79-8323-C4D5017906A6}.Debug|x64.ActiveCfg = Debug|x64
		{416D6C37-A882-3E79-8323-C4D5017906A6}.Debug|x64.Build.0 = Debug|x64
		{416D6C37-A882-3E79-8323-C4D5017906A6}.Release|x64.ActiveCfg = Release|x64
		{416D6C37-A882-3E79-8323-C4D5017906A6}.Release|x64.Build.0 = Release|x64
		{416D6C37-A882-3E79-8323-C4D5017906A6}.MinSizeRel|x64.ActiveCfg = MinSizeRel|x64
		{416D6C37-A882-3E79-8323-C4D5017906A6}.MinSizeRel|x64.Build.0 = MinSizeRel|x64
		{416D6C37-A882-3E79-8323-C4D5017906A6}.RelWithDebInfo|x64.ActiveCfg = RelWithDebInfo|x64
		{416D6C37-A882-3E79-8323-C4D5017906A6}.RelWithDebInfo|x64.Build.0 = RelWithDebInfo|x64
		{7E309199-15AF-39E3-AE32-B4E88A26900B}.Debug|x64.ActiveCfg = Debug|x64
		{7E309199-15AF-39E3-AE32-B4E88A26900B}.Debug|x64.Build.0 = Debug|x64
		{7E309199-15AF-39E3-AE32-B4E88A26900B}.Release|x64.ActiveCfg = Release|x64
		{7E309199-15AF-39E3-AE32-B4E88A26900B}.Release|x64.Build.0 = Release|x64
		{7E309199-15AF-39E3-AE32-B4E88A26900B}.MinSizeRel|x64.ActiveCfg = MinSizeRel|x64
		{7E309199-15AF-39E3-AE32-B4E88A26900B}.MinSizeRel|x64.Build.0 = MinSizeRel|x64
		{7E309199-15AF-39E3-AE32-B4E88A26900B}.RelWithDebInfo|x64.ActiveCfg = RelWithDebInfo|x64
		{7E309199-15AF-39E3-AE32-B4E88A26900B}.RelWithDebInfo|x64.Build.0 = RelWithDebInfo|x64
		{402C449C-E3DE-38E9-B5EB-4D448CD61C94}.Debug|x64.ActiveCfg = Debug|x64
		{402C449C-E3DE-38E9-B5EB-4D448CD61C94}.Debug|x64.Build.0 = Debug|x64
		{402C449C-E3DE-38E9-B5EB-4D448CD61C94}.Release|x64.ActiveCfg = Release|x64
		{402C449C-E3DE-38E9-B5EB-4D448CD61C94}.Release|x64.Build.0 = Release|x64
		{402C449C-E3DE-38E9-B5EB-4D448CD61C94}.MinSizeRel|x64.ActiveCfg = MinSizeRel|x64
		{402C449C-E3DE-38E9-B5EB-4D448CD61C94}.MinSizeRel|x64.Build.0 = MinSizeRel|x64
		{402C449C-E3DE-38E9-B5EB-4D448CD61C94}.RelWithDebInfo|x64.ActiveCfg = RelWithDebInfo|x64
		{402C449C-E3DE-38E9-B5EB-4D448CD61C94}.RelWithDebInfo|x64.Build.0 = RelWithDebInfo|x64
		{114B309C-8C66-3734-9C6F-1E3712BF3059}.Debug|x64.ActiveCfg = Debug|x64
		{114B309C-8C66-3734-9C6F-1E3712BF3059}.Debug|x64.Build.0 = Debug|x64
		{114B309C-8C66-3734-9C6F-1E3712BF3059}.Release|x64.ActiveCfg = Release|x64
		{114B309C-8C66-3734-9C6F-1E3712BF3059}.Release|x64.Build.0 = Release|x64
		{114B309C-8C66-3734-9C6F-1E3712BF3059}.MinSizeRel|x64.ActiveCfg = MinSizeRel|x64
		{114B309C-8C66-3734-9C6F-1E3712BF3059}.MinSizeRel|x64.Build.0 = MinSizeRel|x64
		{114B309C-8C66-3734-9C6F-1E3712BF3059}.RelWithDebInfo|x64.ActiveCfg = RelWithDebInfo|x64
		{114B309C-8C66-3734-9C6F-1E3712BF3059}.RelWithDebInfo|x64.Build.0 = RelWithDebInfo|x64
		{B682287C-EC28-3AC2-AD59-7BB6E90F2F8A}.Debug|x64.ActiveCfg = Debug|x64
		{B682287C-EC28-3AC2-AD59-7BB6E90F2F8A}.Debug|x64.Build.0 = Debug|x64
		{B682287C-EC28-3AC2-AD59-7BB6E90F2F8A}.Release|x64.ActiveCfg = Release|x64
		{B682287C-EC28-3AC2-AD59-7BB6E90F2F8A}.Release|x64.Build.0 = Release|x64
		{B682287C-EC28-3AC2-AD59-7BB6E90F2F8A}.MinSizeRel|x64.ActiveCfg = MinSizeRel|x64
		{B682287C-EC28-3AC2-AD59-7BB6E90F2F8A}.MinSizeRel|x64.Build.0 = MinSizeRel|x64
		{B682287C-EC28-3AC2-AD59-7BB6E90F2F8A}.RelWithDebInfo|x64.ActiveCfg = RelWithDebInfo|x64
		{B682287C-EC28-3AC2-AD59-7BB6E90F2F8A}.RelWithDebInfo|x64.Build.0 = RelWithDebInfo|x64
	EndGlobalSection
	GlobalSection(ExtensibilityGlobals) = postSolution
		SolutionGuid = {C9850243-C811-3DB5-B573-DD5968D697A3}
	EndGlobalSection
	GlobalSection(ExtensibilityAddIns) = postSolution
	EndGlobalSection
EndGlobal
