<?xml version="1.0" encoding="utf-8"?>
<Project ToolsVersion="17.0" xmlns="http://schemas.microsoft.com/developer/msbuild/2003">
  <ItemGroup>
    <ClCompile Include="C:\Users\cool\Desktop\aiWebSockets\examples\server_to_client_test.cpp">
      <Filter>Source Files</Filter>
    </ClCompile>
  </ItemGroup>
  <ItemGroup>
    <CustomBuild Include="C:\Users\cool\Desktop\aiWebSockets\CMakeLists.txt" />
  </ItemGroup>
  <ItemGroup>
    <Filter Include="Source Files">
      <UniqueIdentifier>{DF306A44-AAA4-35F1-AB42-04AE3B86737D}</UniqueIdentifier>
    </Filter>
  </ItemGroup>
</Project>
